
Microsoft Visual Studio Solution File, Format Version 12.00
# Visual Studio 15
VisualStudioVersion = 15.0.26430.14
MinimumVisualStudioVersion = 10.0.40219.1
Project("{FAE04EC0-301F-11D3-BF4B-00C04F79EFBC}") = "AnarchyBot", "AnarchyBot\AnarchyBot.csproj", "{9A8A9BEE-8920-471A-A98A-0C554BFD3C99}"
EndProject
Project("{FAE04EC0-301F-11D3-BF4B-00C04F79EFBC}") = "AoLib", "AoLib\AoLib.csproj", "{D1F26DA9-8B99-4663-923B-2C4209B4F625}"
EndProject
Global
	GlobalSection(SolutionConfigurationPlatforms) = preSolution
		Advanced|Any CPU = Advanced|Any CPU
		Debug|Any CPU = Debug|Any CPU
		Release|Any CPU = Release|Any CPU
	EndGlobalSection
	GlobalSection(ProjectConfigurationPlatforms) = postSolution
		{9A8A9BEE-8920-471A-A98A-0C554BFD3C99}.Advanced|Any CPU.ActiveCfg = Release|Any CPU
		{9A8A9BEE-8920-471A-A98A-0C554BFD3C99}.Advanced|Any CPU.Build.0 = Release|Any CPU
		{9A8A9BEE-8920-471A-A98A-0C554BFD3C99}.Debug|Any CPU.ActiveCfg = Debug|Any CPU
		{9A8A9BEE-8920-471A-A98A-0C554BFD3C99}.Debug|Any CPU.Build.0 = Debug|Any CPU
		{9A8A9BEE-8920-471A-A98A-0C554BFD3C99}.Release|Any CPU.ActiveCfg = Release|Any CPU
		{9A8A9BEE-8920-471A-A98A-0C554BFD3C99}.Release|Any CPU.Build.0 = Release|Any CPU
		{D1F26DA9-8B99-4663-923B-2C4209B4F625}.Advanced|Any CPU.ActiveCfg = Advanced|Any CPU
		{D1F26DA9-8B99-4663-923B-2C4209B4F625}.Advanced|Any CPU.Build.0 = Advanced|Any CPU
		{D1F26DA9-8B99-4663-923B-2C4209B4F625}.Debug|Any CPU.ActiveCfg = Debug|Any CPU
		{D1F26DA9-8B99-4663-923B-2C4209B4F625}.Debug|Any CPU.Build.0 = Debug|Any CPU
		{D1F26DA9-8B99-4663-923B-2C4209B4F625}.Release|Any CPU.ActiveCfg = Release|Any CPU
		{D1F26DA9-8B99-4663-923B-2C4209B4F625}.Release|Any CPU.Build.0 = Release|Any CPU
	EndGlobalSection
	GlobalSection(SolutionProperties) = preSolution
		HideSolutionNode = FALSE
	EndGlobalSection
EndGlobal
